// !$*UTF8*$!
{
	archiveVersion = 1;
	classes = {
	};
	objectVersion = 56;
	objects = {

/* Begin PBXBuildFile section */
		41CF127F2C62D26700701FA6 /* PaymentScreenApp.swift in Sources */ = {isa = PBXBuildFile; fileRef = 41CF127E2C62D26700701FA6 /* PaymentScreenApp.swift */; };
		41CF12812C62D26700701FA6 /* PaymentView.swift in Sources */ = {isa = PBXBuildFile; fileRef = 41CF12802C62D26700701FA6 /* PaymentView.swift */; };
		41CF12832C62D26800701FA6 /* Assets.xcassets in Resources */ = {isa = PBXBuildFile; fileRef = 41CF12822C62D26800701FA6 /* Assets.xcassets */; };
		41CF12862C62D26800701FA6 /* Preview Assets.xcassets in Resources */ = {isa = PBXBuildFile; fileRef = 41CF12852C62D26800701FA6 /* Preview Assets.xcassets */; };
		41CF12902C62D26800701FA6 /* LoanDetailsScreenTests.swift in Sources */ = {isa = PBXBuildFile; fileRef = 41CF128F2C62D26800701FA6 /* LoanDetailsScreenTests.swift */; };
		41CF129A2C62D26800701FA6 /* LoanDetailsScreenUITests.swift in Sources */ = {isa = PBXBuildFile; fileRef = 41CF12992C62D26800701FA6 /* LoanDetailsScreenUITests.swift */; };
		41CF129C2C62D26800701FA6 /* LoanDetailsScreenUITestsLaunchTests.swift in Sources */ = {isa = PBXBuildFile; fileRef = 41CF129B2C62D26800701FA6 /* LoanDetailsScreenUITestsLaunchTests.swift */; };
		41CF12AB2C62D31600701FA6 /* Payment.swift in Sources */ = {isa = PBXBuildFile; fileRef = 41CF12AA2C62D31600701FA6 /* Payment.swift */; };
		41CF12AD2C62D39D00701FA6 /* PaymentViewModel.swift in Sources */ = {isa = PBXBuildFile; fileRef = 41CF12AC2C62D39D00701FA6 /* PaymentViewModel.swift */; };
		41CF12B12C63B61200701FA6 /* payment.json in Resources */ = {isa = PBXBuildFile; fileRef = 41CF12B02C63B61200701FA6 /* payment.json */; };
		41CF12B32C63C3BF00701FA6 /* LoanDetailsView.swift in Sources */ = {isa = PBXBuildFile; fileRef = 41CF12B22C63C3BF00701FA6 /* LoanDetailsView.swift */; };
		41CF12B52C63D28E00701FA6 /* MoreOptionsView.swift in Sources */ = {isa = PBXBuildFile; fileRef = 41CF12B42C63D28E00701FA6 /* MoreOptionsView.swift */; };
		41CF12BA2C64561F00701FA6 /* CustomProgressViewStyle.swift in Sources */ = {isa = PBXBuildFile; fileRef = 41CF12B92C64561F00701FA6 /* CustomProgressViewStyle.swift */; };
		41CF12BC2C6458F900701FA6 /* Helper+Text.swift in Sources */ = {isa = PBXBuildFile; fileRef = 41CF12BB2C6458F900701FA6 /* Helper+Text.swift */; };
/* End PBXBuildFile section */

/* Begin PBXContainerItemProxy section */
		41CF128C2C62D26800701FA6 /* PBXContainerItemProxy */ = {
			isa = PBXContainerItemProxy;
			containerPortal = 41CF12732C62D26700701FA6 /* Project object */;
			proxyType = 1;
			remoteGlobalIDString = 41CF127A2C62D26700701FA6;
			remoteInfo = LoanDetailsScreen;
		};
		41CF12962C62D26800701FA6 /* PBXContainerItemProxy */ = {
			isa = PBXContainerItemProxy;
			containerPortal = 41CF12732C62D26700701FA6 /* Project object */;
			proxyType = 1;
			remoteGlobalIDString = 41CF127A2C62D26700701FA6;
			remoteInfo = LoanDetailsScreen;
		};
/* End PBXContainerItemProxy section */

/* Begin PBXFileReference section */
		41CF127B2C62D26700701FA6 /* LoanDetailsScreen.app */ = {isa = PBXFileReference; explicitFileType = wrapper.application; includeInIndex = 0; path = LoanDetailsScreen.app; sourceTree = BUILT_PRODUCTS_DIR; };
		41CF127E2C62D26700701FA6 /* PaymentScreenApp.swift */ = {isa = PBXFileReference; lastKnownFileType = sourcecode.swift; path = PaymentScreenApp.swift; sourceTree = "<group>"; };
		41CF12802C62D26700701FA6 /* PaymentView.swift */ = {isa = PBXFileReference; lastKnownFileType = sourcecode.swift; path = PaymentView.swift; sourceTree = "<group>"; };
		41CF12822C62D26800701FA6 /* Assets.xcassets */ = {isa = PBXFileReference; lastKnownFileType = folder.assetcatalog; path = Assets.xcassets; sourceTree = "<group>"; };
		41CF12852C62D26800701FA6 /* Preview Assets.xcassets */ = {isa = PBXFileReference; lastKnownFileType = folder.assetcatalog; path = "Preview Assets.xcassets"; sourceTree = "<group>"; };
		41CF128B2C62D26800701FA6 /* LoanDetailsScreenTests.xctest */ = {isa = PBXFileReference; explicitFileType = wrapper.cfbundle; includeInIndex = 0; path = LoanDetailsScreenTests.xctest; sourceTree = BUILT_PRODUCTS_DIR; };
		41CF128F2C62D26800701FA6 /* LoanDetailsScreenTests.swift */ = {isa = PBXFileReference; lastKnownFileType = sourcecode.swift; path = LoanDetailsScreenTests.swift; sourceTree = "<group>"; };
		41CF12952C62D26800701FA6 /* LoanDetailsScreenUITests.xctest */ = {isa = PBXFileReference; explicitFileType = wrapper.cfbundle; includeInIndex = 0; path = LoanDetailsScreenUITests.xctest; sourceTree = BUILT_PRODUCTS_DIR; };
		41CF12992C62D26800701FA6 /* LoanDetailsScreenUITests.swift */ = {isa = PBXFileReference; lastKnownFileType = sourcecode.swift; path = LoanDetailsScreenUITests.swift; sourceTree = "<group>"; };
		41CF129B2C62D26800701FA6 /* LoanDetailsScreenUITestsLaunchTests.swift */ = {isa = PBXFileReference; lastKnownFileType = sourcecode.swift; path = LoanDetailsScreenUITestsLaunchTests.swift; sourceTree = "<group>"; };
		41CF12AA2C62D31600701FA6 /* Payment.swift */ = {isa = PBXFileReference; lastKnownFileType = sourcecode.swift; path = Payment.swift; sourceTree = "<group>"; };
		41CF12AC2C62D39D00701FA6 /* PaymentViewModel.swift */ = {isa = PBXFileReference; lastKnownFileType = sourcecode.swift; path = PaymentViewModel.swift; sourceTree = "<group>"; };
		41CF12B02C63B61200701FA6 /* payment.json */ = {isa = PBXFileReference; fileEncoding = 4; lastKnownFileType = text.json; path = payment.json; sourceTree = "<group>"; };
		41CF12B22C63C3BF00701FA6 /* LoanDetailsView.swift */ = {isa = PBXFileReference; lastKnownFileType = sourcecode.swift; path = LoanDetailsView.swift; sourceTree = "<group>"; };
		41CF12B42C63D28E00701FA6 /* MoreOptionsView.swift */ = {isa = PBXFileReference; lastKnownFileType = sourcecode.swift; path = MoreOptionsView.swift; sourceTree = "<group>"; };
		41CF12B92C64561F00701FA6 /* CustomProgressViewStyle.swift */ = {isa = PBXFileReference; lastKnownFileType = sourcecode.swift; path = CustomProgressViewStyle.swift; sourceTree = "<group>"; };
		41CF12BB2C6458F900701FA6 /* Helper+Text.swift */ = {isa = PBXFileReference; lastKnownFileType = sourcecode.swift; path = "Helper+Text.swift"; sourceTree = "<group>"; };
/* End PBXFileReference section */

/* Begin PBXFrameworksBuildPhase section */
		41CF12782C62D26700701FA6 /* Frameworks */ = {
			isa = PBXFrameworksBuildPhase;
			buildActionMask = 2147483647;
			files = (
			);
			runOnlyForDeploymentPostprocessing = 0;
		};
		41CF12882C62D26800701FA6 /* Frameworks */ = {
			isa = PBXFrameworksBuildPhase;
			buildActionMask = 2147483647;
			files = (
			);
			runOnlyForDeploymentPostprocessing = 0;
		};
		41CF12922C62D26800701FA6 /* Frameworks */ = {
			isa = PBXFrameworksBuildPhase;
			buildActionMask = 2147483647;
			files = (
			);
			runOnlyForDeploymentPostprocessing = 0;
		};
/* End PBXFrameworksBuildPhase section */

/* Begin PBXGroup section */
		41CF12722C62D26700701FA6 = {
			isa = PBXGroup;
			children = (
				41CF127D2C62D26700701FA6 /* LoanDetailsScreen */,
				41CF128E2C62D26800701FA6 /* LoanDetailsScreenTests */,
				41CF12982C62D26800701FA6 /* LoanDetailsScreenUITests */,
				41CF127C2C62D26700701FA6 /* Products */,
			);
			sourceTree = "<group>";
		};
		41CF127C2C62D26700701FA6 /* Products */ = {
			isa = PBXGroup;
			children = (
				41CF127B2C62D26700701FA6 /* LoanDetailsScreen.app */,
				41CF128B2C62D26800701FA6 /* LoanDetailsScreenTests.xctest */,
				41CF12952C62D26800701FA6 /* LoanDetailsScreenUITests.xctest */,
			);
			name = Products;
			sourceTree = "<group>";
		};
		41CF127D2C62D26700701FA6 /* LoanDetailsScreen */ = {
			isa = PBXGroup;
			children = (
				41CF12B02C63B61200701FA6 /* payment.json */,
				41CF12A82C62D2D700701FA6 /* Model */,
				41CF12A92C62D2E500701FA6 /* ViewModel */,
				41CF12B62C63D29700701FA6 /* View */,
				41CF127E2C62D26700701FA6 /* PaymentScreenApp.swift */,
				41CF12822C62D26800701FA6 /* Assets.xcassets */,
				41CF12842C62D26800701FA6 /* Preview Content */,
			);
			path = LoanDetailsScreen;
			sourceTree = "<group>";
		};
		41CF12842C62D26800701FA6 /* Preview Content */ = {
			isa = PBXGroup;
			children = (
				41CF12852C62D26800701FA6 /* Preview Assets.xcassets */,
			);
			path = "Preview Content";
			sourceTree = "<group>";
		};
		41CF128E2C62D26800701FA6 /* LoanDetailsScreenTests */ = {
			isa = PBXGroup;
			children = (
				41CF128F2C62D26800701FA6 /* LoanDetailsScreenTests.swift */,
			);
			path = LoanDetailsScreenTests;
			sourceTree = "<group>";
		};
		41CF12982C62D26800701FA6 /* LoanDetailsScreenUITests */ = {
			isa = PBXGroup;
			children = (
				41CF12992C62D26800701FA6 /* LoanDetailsScreenUITests.swift */,
				41CF129B2C62D26800701FA6 /* LoanDetailsScreenUITestsLaunchTests.swift */,
			);
			path = LoanDetailsScreenUITests;
			sourceTree = "<group>";
		};
		41CF12A82C62D2D700701FA6 /* Model */ = {
			isa = PBXGroup;
			children = (
				41CF12AA2C62D31600701FA6 /* Payment.swift */,
			);
			path = Model;
			sourceTree = "<group>";
		};
		41CF12A92C62D2E500701FA6 /* ViewModel */ = {
			isa = PBXGroup;
			children = (
				41CF12AC2C62D39D00701FA6 /* PaymentViewModel.swift */,
			);
			path = ViewModel;
			sourceTree = "<group>";
		};
		41CF12B62C63D29700701FA6 /* View */ = {
			isa = PBXGroup;
			children = (
				41CF12802C62D26700701FA6 /* PaymentView.swift */,
				41CF12B22C63C3BF00701FA6 /* LoanDetailsView.swift */,
				41CF12B42C63D28E00701FA6 /* MoreOptionsView.swift */,
				41CF12B92C64561F00701FA6 /* CustomProgressViewStyle.swift */,
				41CF12BB2C6458F900701FA6 /* Helper+Text.swift */,
			);
			path = View;
			sourceTree = "<group>";
		};
/* End PBXGroup section */

/* Begin PBXNativeTarget section */
		41CF127A2C62D26700701FA6 /* LoanDetailsScreen */ = {
			isa = PBXNativeTarget;
			buildConfigurationList = 41CF129F2C62D26800701FA6 /* Build configuration list for PBXNativeTarget "LoanDetailsScreen" */;
			buildPhases = (
				41CF12772C62D26700701FA6 /* Sources */,
				41CF12782C62D26700701FA6 /* Frameworks */,
				41CF12792C62D26700701FA6 /* Resources */,
			);
			buildRules = (
			);
			dependencies = (
			);
			name = LoanDetailsScreen;
			productName = LoanDetailsScreen;
			productReference = 41CF127B2C62D26700701FA6 /* LoanDetailsScreen.app */;
			productType = "com.apple.product-type.application";
		};
		41CF128A2C62D26800701FA6 /* LoanDetailsScreenTests */ = {
			isa = PBXNativeTarget;
			buildConfigurationList = 41CF12A22C62D26800701FA6 /* Build configuration list for PBXNativeTarget "LoanDetailsScreenTests" */;
			buildPhases = (
				41CF12872C62D26800701FA6 /* Sources */,
				41CF12882C62D26800701FA6 /* Frameworks */,
				41CF12892C62D26800701FA6 /* Resources */,
			);
			buildRules = (
			);
			dependencies = (
				41CF128D2C62D26800701FA6 /* PBXTargetDependency */,
			);
			name = LoanDetailsScreenTests;
			productName = LoanDetailsScreenTests;
			productReference = 41CF128B2C62D26800701FA6 /* LoanDetailsScreenTests.xctest */;
			productType = "com.apple.product-type.bundle.unit-test";
		};
		41CF12942C62D26800701FA6 /* LoanDetailsScreenUITests */ = {
			isa = PBXNativeTarget;
			buildConfigurationList = 41CF12A52C62D26800701FA6 /* Build configuration list for PBXNativeTarget "LoanDetailsScreenUITests" */;
			buildPhases = (
				41CF12912C62D26800701FA6 /* Sources */,
				41CF12922C62D26800701FA6 /* Frameworks */,
				41CF12932C62D26800701FA6 /* Resources */,
			);
			buildRules = (
			);
			dependencies = (
				41CF12972C62D26800701FA6 /* PBXTargetDependency */,
			);
			name = LoanDetailsScreenUITests;
			productName = LoanDetailsScreenUITests;
			productReference = 41CF12952C62D26800701FA6 /* LoanDetailsScreenUITests.xctest */;
			productType = "com.apple.product-type.bundle.ui-testing";
		};
/* End PBXNativeTarget section */

/* Begin PBXProject section */
		41CF12732C62D26700701FA6 /* Project object */ = {
			isa = PBXProject;
			attributes = {
				BuildIndependentTargetsInParallel = 1;
				LastSwiftUpdateCheck = 1540;
				LastUpgradeCheck = 1540;
				TargetAttributes = {
					41CF127A2C62D26700701FA6 = {
						CreatedOnToolsVersion = 15.4;
					};
					41CF128A2C62D26800701FA6 = {
						CreatedOnToolsVersion = 15.4;
						TestTargetID = 41CF127A2C62D26700701FA6;
					};
					41CF12942C62D26800701FA6 = {
						CreatedOnToolsVersion = 15.4;
						TestTargetID = 41CF127A2C62D26700701FA6;
					};
				};
			};
			buildConfigurationList = 41CF12762C62D26700701FA6 /* Build configuration list for PBXProject "LoanDetailsScreen" */;
			compatibilityVersion = "Xcode 14.0";
			developmentRegion = en;
			hasScannedForEncodings = 0;
			knownRegions = (
				en,
				Base,
			);
			mainGroup = 41CF12722C62D26700701FA6;
			productRefGroup = 41CF127C2C62D26700701FA6 /* Products */;
			projectDirPath = "";
			projectRoot = "";
			targets = (
				41CF127A2C62D26700701FA6 /* LoanDetailsScreen */,
				41CF128A2C62D26800701FA6 /* LoanDetailsScreenTests */,
				41CF12942C62D26800701FA6 /* LoanDetailsScreenUITests */,
			);
		};
/* End PBXProject section */

/* Begin PBXResourcesBuildPhase section */
		41CF12792C62D26700701FA6 /* Resources */ = {
			isa = PBXResourcesBuildPhase;
			buildActionMask = 2147483647;
			files = (
				41CF12862C62D26800701FA6 /* Preview Assets.xcassets in Resources */,
				41CF12B12C63B61200701FA6 /* payment.json in Resources */,
				41CF12832C62D26800701FA6 /* Assets.xcassets in Resources */,
			);
			runOnlyForDeploymentPostprocessing = 0;
		};
		41CF12892C62D26800701FA6 /* Resources */ = {
			isa = PBXResourcesBuildPhase;
			buildActionMask = 2147483647;
			files = (
			);
			runOnlyForDeploymentPostprocessing = 0;
		};
		41CF12932C62D26800701FA6 /* Resources */ = {
			isa = PBXResourcesBuildPhase;
			buildActionMask = 2147483647;
			files = (
			);
			runOnlyForDeploymentPostprocessing = 0;
		};
/* End PBXResourcesBuildPhase section */

/* Begin PBXSourcesBuildPhase section */
		41CF12772C62D26700701FA6 /* Sources */ = {
			isa = PBXSourcesBuildPhase;
			buildActionMask = 2147483647;
			files = (
				41CF12B52C63D28E00701FA6 /* MoreOptionsView.swift in Sources */,
				41CF12BA2C64561F00701FA6 /* CustomProgressViewStyle.swift in Sources */,
				41CF12812C62D26700701FA6 /* PaymentView.swift in Sources */,
				41CF12AB2C62D31600701FA6 /* Payment.swift in Sources */,
				41CF12BC2C6458F900701FA6 /* Helper+Text.swift in Sources */,
				41CF12B32C63C3BF00701FA6 /* LoanDetailsView.swift in Sources */,
				41CF127F2C62D26700701FA6 /* PaymentScreenApp.swift in Sources */,
				41CF12AD2C62D39D00701FA6 /* PaymentViewModel.swift in Sources */,
			);
			runOnlyForDeploymentPostprocessing = 0;
		};
		41CF12872C62D26800701FA6 /* Sources */ = {
			isa = PBXSourcesBuildPhase;
			buildActionMask = 2147483647;
			files = (
				41CF12902C62D26800701FA6 /* LoanDetailsScreenTests.swift in Sources */,
			);
			runOnlyForDeploymentPostprocessing = 0;
		};
		41CF12912C62D26800701FA6 /* Sources */ = {
			isa = PBXSourcesBuildPhase;
			buildActionMask = 2147483647;
			files = (
				41CF129A2C62D26800701FA6 /* LoanDetailsScreenUITests.swift in Sources */,
				41CF129C2C62D26800701FA6 /* LoanDetailsScreenUITestsLaunchTests.swift in Sources */,
			);
			runOnlyForDeploymentPostprocessing = 0;
		};
/* End PBXSourcesBuildPhase section */

/* Begin PBXTargetDependency section */
		41CF128D2C62D26800701FA6 /* PBXTargetDependency */ = {
			isa = PBXTargetDependency;
			target = 41CF127A2C62D26700701FA6 /* LoanDetailsScreen */;
			targetProxy = 41CF128C2C62D26800701FA6 /* PBXContainerItemProxy */;
		};
		41CF12972C62D26800701FA6 /* PBXTargetDependency */ = {
			isa = PBXTargetDependency;
			target = 41CF127A2C62D26700701FA6 /* LoanDetailsScreen */;
			targetProxy = 41CF12962C62D26800701FA6 /* PBXContainerItemProxy */;
		};
/* End PBXTargetDependency section */

/* Begin XCBuildConfiguration section */
		41CF129D2C62D26800701FA6 /* Debug */ = {
			isa = XCBuildConfiguration;
			buildSettings = {
				ALWAYS_SEARCH_USER_PATHS = NO;
				ASSETCATALOG_COMPILER_GENERATE_SWIFT_ASSET_SYMBOL_EXTENSIONS = YES;
				CLANG_ANALYZER_NONNULL = YES;
				CLANG_ANALYZER_NUMBER_OBJECT_CONVERSION = YES_AGGRESSIVE;
				CLANG_CXX_LANGUAGE_STANDARD = "gnu++20";
				CLANG_ENABLE_MODULES = YES;
				CLANG_ENABLE_OBJC_ARC = YES;
				CLANG_ENABLE_OBJC_WEAK = YES;
				CLANG_WARN_BLOCK_CAPTURE_AUTORELEASING = YES;
				CLANG_WARN_BOOL_CONVERSION = YES;
				CLANG_WARN_COMMA = YES;
				CLANG_WARN_CONSTANT_CONVERSION = YES;
				CLANG_WARN_DEPRECATED_OBJC_IMPLEMENTATIONS = YES;
				CLANG_WARN_DIRECT_OBJC_ISA_USAGE = YES_ERROR;
				CLANG_WARN_DOCUMENTATION_COMMENTS = YES;
				CLANG_WARN_EMPTY_BODY = YES;
				CLANG_WARN_ENUM_CONVERSION = YES;
				CLANG_WARN_INFINITE_RECURSION = YES;
				CLANG_WARN_INT_CONVERSION = YES;
				CLANG_WARN_NON_LITERAL_NULL_CONVERSION = YES;
				CLANG_WARN_OBJC_IMPLICIT_RETAIN_SELF = YES;
				CLANG_WARN_OBJC_LITERAL_CONVERSION = YES;
				CLANG_WARN_OBJC_ROOT_CLASS = YES_ERROR;
				CLANG_WARN_QUOTED_INCLUDE_IN_FRAMEWORK_HEADER = YES;
				CLANG_WARN_RANGE_LOOP_ANALYSIS = YES;
				CLANG_WARN_STRICT_PROTOTYPES = YES;
				CLANG_WARN_SUSPICIOUS_MOVE = YES;
				CLANG_WARN_UNGUARDED_AVAILABILITY = YES_AGGRESSIVE;
				CLANG_WARN_UNREACHABLE_CODE = YES;
				CLANG_WARN__DUPLICATE_METHOD_MATCH = YES;
				COPY_PHASE_STRIP = NO;
				DEBUG_INFORMATION_FORMAT = dwarf;
				ENABLE_STRICT_OBJC_MSGSEND = YES;
				ENABLE_TESTABILITY = YES;
				ENABLE_USER_SCRIPT_SANDBOXING = YES;
				GCC_C_LANGUAGE_STANDARD = gnu17;
				GCC_DYNAMIC_NO_PIC = NO;
				GCC_NO_COMMON_BLOCKS = YES;
				GCC_OPTIMIZATION_LEVEL = 0;
				GCC_PREPROCESSOR_DEFINITIONS = (
					"DEBUG=1",
					"$(inherited)",
				);
				GCC_WARN_64_TO_32_BIT_CONVERSION = YES;
				GCC_WARN_ABOUT_RETURN_TYPE = YES_ERROR;
				GCC_WARN_UNDECLARED_SELECTOR = YES;
				GCC_WARN_UNINITIALIZED_AUTOS = YES_AGGRESSIVE;
				GCC_WARN_UNUSED_FUNCTION = YES;
				GCC_WARN_UNUSED_VARIABLE = YES;
				IPHONEOS_DEPLOYMENT_TARGET = 17.5;
				LOCALIZATION_PREFERS_STRING_CATALOGS = YES;
				MTL_ENABLE_DEBUG_INFO = INCLUDE_SOURCE;
				MTL_FAST_MATH = YES;
				ONLY_ACTIVE_ARCH = YES;
				SDKROOT = iphoneos;
				SWIFT_ACTIVE_COMPILATION_CONDITIONS = "DEBUG $(inherited)";
				SWIFT_OPTIMIZATION_LEVEL = "-Onone";
			};
			name = Debug;
		};
		41CF129E2C62D26800701FA6 /* Release */ = {
			isa = XCBuildConfiguration;
			buildSettings = {
				ALWAYS_SEARCH_USER_PATHS = NO;
				ASSETCATALOG_COMPILER_GENERATE_SWIFT_ASSET_SYMBOL_EXTENSIONS = YES;
				CLANG_ANALYZER_NONNULL = YES;
				CLANG_ANALYZER_NUMBER_OBJECT_CONVERSION = YES_AGGRESSIVE;
				CLANG_CXX_LANGUAGE_STANDARD = "gnu++20";
				CLANG_ENABLE_MODULES = YES;
				CLANG_ENABLE_OBJC_ARC = YES;
				CLANG_ENABLE_OBJC_WEAK = YES;
				CLANG_WARN_BLOCK_CAPTURE_AUTORELEASING = YES;
				CLANG_WARN_BOOL_CONVERSION = YES;
				CLANG_WARN_COMMA = YES;
				CLANG_WARN_CONSTANT_CONVERSION = YES;
				CLANG_WARN_DEPRECATED_OBJC_IMPLEMENTATIONS = YES;
				CLANG_WARN_DIRECT_OBJC_ISA_USAGE = YES_ERROR;
				CLANG_WARN_DOCUMENTATION_COMMENTS = YES;
				CLANG_WARN_EMPTY_BODY = YES;
				CLANG_WARN_ENUM_CONVERSION = YES;
				CLANG_WARN_INFINITE_RECURSION = YES;
				CLANG_WARN_INT_CONVERSION = YES;
				CLANG_WARN_NON_LITERAL_NULL_CONVERSION = YES;
				CLANG_WARN_OBJC_IMPLICIT_RETAIN_SELF = YES;
				CLANG_WARN_OBJC_LITERAL_CONVERSION = YES;
				CLANG_WARN_OBJC_ROOT_CLASS = YES_ERROR;
				CLANG_WARN_QUOTED_INCLUDE_IN_FRAMEWORK_HEADER = YES;
				CLANG_WARN_RANGE_LOOP_ANALYSIS = YES;
				CLANG_WARN_STRICT_PROTOTYPES = YES;
				CLANG_WARN_SUSPICIOUS_MOVE = YES;
				CLANG_WARN_UNGUARDED_AVAILABILITY = YES_AGGRESSIVE;
				CLANG_WARN_UNREACHABLE_CODE = YES;
				CLANG_WARN__DUPLICATE_METHOD_MATCH = YES;
				COPY_PHASE_STRIP = NO;
				DEBUG_INFORMATION_FORMAT = "dwarf-with-dsym";
				ENABLE_NS_ASSERTIONS = NO;
				ENABLE_STRICT_OBJC_MSGSEND = YES;
				ENABLE_USER_SCRIPT_SANDBOXING = YES;
				GCC_C_LANGUAGE_STANDARD = gnu17;
				GCC_NO_COMMON_BLOCKS = YES;
				GCC_WARN_64_TO_32_BIT_CONVERSION = YES;
				GCC_WARN_ABOUT_RETURN_TYPE = YES_ERROR;
				GCC_WARN_UNDECLARED_SELECTOR = YES;
				GCC_WARN_UNINITIALIZED_AUTOS = YES_AGGRESSIVE;
				GCC_WARN_UNUSED_FUNCTION = YES;
				GCC_WARN_UNUSED_VARIABLE = YES;
				IPHONEOS_DEPLOYMENT_TARGET = 17.5;
				LOCALIZATION_PREFERS_STRING_CATALOGS = YES;
				MTL_ENABLE_DEBUG_INFO = NO;
				MTL_FAST_MATH = YES;
				SDKROOT = iphoneos;
				SWIFT_COMPILATION_MODE = wholemodule;
				VALIDATE_PRODUCT = YES;
			};
			name = Release;
		};
		41CF12A02C62D26800701FA6 /* Debug */ = {
			isa = XCBuildConfiguration;
			buildSettings = {
				ASSETCATALOG_COMPILER_APPICON_NAME = AppIcon;
				ASSETCATALOG_COMPILER_GLOBAL_ACCENT_COLOR_NAME = AccentColor;
				CODE_SIGN_STYLE = Automatic;
				CURRENT_PROJECT_VERSION = 1;
				DEVELOPMENT_ASSET_PATHS = "\"LoanDetailsScreen/Preview Content\"";
				ENABLE_PREVIEWS = YES;
				GENERATE_INFOPLIST_FILE = YES;
				INFOPLIST_KEY_CFBundleDisplayName = Loan;
				INFOPLIST_KEY_UIApplicationSceneManifest_Generation = YES;
				INFOPLIST_KEY_UIApplicationSupportsIndirectInputEvents = YES;
				INFOPLIST_KEY_UILaunchScreen_Generation = YES;
				INFOPLIST_KEY_UISupportedInterfaceOrientations_iPad = "UIInterfaceOrientationPortrait UIInterfaceOrientationPortraitUpsideDown UIInterfaceOrientationLandscapeLeft UIInterfaceOrientationLandscapeRight";
				INFOPLIST_KEY_UISupportedInterfaceOrientations_iPhone = "UIInterfaceOrientationPortrait UIInterfaceOrientationLandscapeLeft UIInterfaceOrientationLandscapeRight";
				LD_RUNPATH_SEARCH_PATHS = (
					"$(inherited)",
					"@executable_path/Frameworks",
				);
				MARKETING_VERSION = 1.0;
				PRODUCT_BUNDLE_IDENTIFIER = softgic.LoanDetailsScreen;
				PRODUCT_NAME = "$(TARGET_NAME)";
				SWIFT_EMIT_LOC_STRINGS = YES;
				SWIFT_VERSION = 5.0;
				TARGETED_DEVICE_FAMILY = "1,2";
			};
			name = Debug;
		};
		41CF12A12C62D26800701FA6 /* Release */ = {
			isa = XCBuildConfiguration;
			buildSettings = {
				ASSETCATALOG_COMPILER_APPICON_NAME = AppIcon;
				ASSETCATALOG_COMPILER_GLOBAL_ACCENT_COLOR_NAME = AccentColor;
				CODE_SIGN_STYLE = Automatic;
				CURRENT_PROJECT_VERSION = 1;
				DEVELOPMENT_ASSET_PATHS = "\"LoanDetailsScreen/Preview Content\"";
				ENABLE_PREVIEWS = YES;
				GENERATE_INFOPLIST_FILE = YES;
				INFOPLIST_KEY_CFBundleDisplayName = Loan;
				INFOPLIST_KEY_UIApplicationSceneManifest_Generation = YES;
				INFOPLIST_KEY_UIApplicationSupportsIndirectInputEvents = YES;
				INFOPLIST_KEY_UILaunchScreen_Generation = YES;
				INFOPLIST_KEY_UISupportedInterfaceOrientations_iPad = "UIInterfaceOrientationPortrait UIInterfaceOrientationPortraitUpsideDown UIInterfaceOrientationLandscapeLeft UIInterfaceOrientationLandscapeRight";
				INFOPLIST_KEY_UISupportedInterfaceOrientations_iPhone = "UIInterfaceOrientationPortrait UIInterfaceOrientationLandscapeLeft UIInterfaceOrientationLandscapeRight";
				LD_RUNPATH_SEARCH_PATHS = (
					"$(inherited)",
					"@executable_path/Frameworks",
				);
				MARKETING_VERSION = 1.0;
				PRODUCT_BUNDLE_IDENTIFIER = softgic.LoanDetailsScreen;
				PRODUCT_NAME = "$(TARGET_NAME)";
				SWIFT_EMIT_LOC_STRINGS = YES;
				SWIFT_VERSION = 5.0;
				TARGETED_DEVICE_FAMILY = "1,2";
			};
			name = Release;
		};
		41CF12A32C62D26800701FA6 /* Debug */ = {
			isa = XCBuildConfiguration;
			buildSettings = {
				ALWAYS_EMBED_SWIFT_STANDARD_LIBRARIES = YES;
				BUNDLE_LOADER = "$(TEST_HOST)";
				CODE_SIGN_STYLE = Automatic;
				CURRENT_PROJECT_VERSION = 1;
				GENERATE_INFOPLIST_FILE = YES;
				IPHONEOS_DEPLOYMENT_TARGET = 17.5;
				MARKETING_VERSION = 1.0;
				PRODUCT_BUNDLE_IDENTIFIER = softgic.LoanDetailsScreenTests;
				PRODUCT_NAME = "$(TARGET_NAME)";
				SWIFT_EMIT_LOC_STRINGS = NO;
				SWIFT_VERSION = 5.0;
				TARGETED_DEVICE_FAMILY = "1,2";
				TEST_HOST = "$(BUILT_PRODUCTS_DIR)/LoanDetailsScreen.app/$(BUNDLE_EXECUTABLE_FOLDER_PATH)/LoanDetailsScreen";
			};
			name = Debug;
		};
		41CF12A42C62D26800701FA6 /* Release */ = {
			isa = XCBuildConfiguration;
			buildSettings = {
				ALWAYS_EMBED_SWIFT_STANDARD_LIBRARIES = YES;
				BUNDLE_LOADER = "$(TEST_HOST)";
				CODE_SIGN_STYLE = Automatic;
				CURRENT_PROJECT_VERSION = 1;
				GENERATE_INFOPLIST_FILE = YES;
				IPHONEOS_DEPLOYMENT_TARGET = 17.5;
				MARKETING_VERSION = 1.0;
				PRODUCT_BUNDLE_IDENTIFIER = softgic.LoanDetailsScreenTests;
				PRODUCT_NAME = "$(TARGET_NAME)";
				SWIFT_EMIT_LOC_STRINGS = NO;
				SWIFT_VERSION = 5.0;
				TARGETED_DEVICE_FAMILY = "1,2";
				TEST_HOST = "$(BUILT_PRODUCTS_DIR)/LoanDetailsScreen.app/$(BUNDLE_EXECUTABLE_FOLDER_PATH)/LoanDetailsScreen";
			};
			name = Release;
		};
		41CF12A62C62D26800701FA6 /* Debug */ = {
			isa = XCBuildConfiguration;
			buildSettings = {
				ALWAYS_EMBED_SWIFT_STANDARD_LIBRARIES = YES;
				CODE_SIGN_STYLE = Automatic;
				CURRENT_PROJECT_VERSION = 1;
				GENERATE_INFOPLIST_FILE = YES;
				MARKETING_VERSION = 1.0;
				PRODUCT_BUNDLE_IDENTIFIER = softgic.LoanDetailsScreenUITests;
				PRODUCT_NAME = "$(TARGET_NAME)";
				SWIFT_EMIT_LOC_STRINGS = NO;
				SWIFT_VERSION = 5.0;
				TARGETED_DEVICE_FAMILY = "1,2";
				TEST_TARGET_NAME = LoanDetailsScreen;
			};
			name = Debug;
		};
		41CF12A72C62D26800701FA6 /* Release */ = {
			isa = XCBuildConfiguration;
			buildSettings = {
				ALWAYS_EMBED_SWIFT_STANDARD_LIBRARIES = YES;
				CODE_SIGN_STYLE = Automatic;
				CURRENT_PROJECT_VERSION = 1;
				GENERATE_INFOPLIST_FILE = YES;
				MARKETING_VERSION = 1.0;
				PRODUCT_BUNDLE_IDENTIFIER = softgic.LoanDetailsScreenUITests;
				PRODUCT_NAME = "$(TARGET_NAME)";
				SWIFT_EMIT_LOC_STRINGS = NO;
				SWIFT_VERSION = 5.0;
				TARGETED_DEVICE_FAMILY = "1,2";
				TEST_TARGET_NAME = LoanDetailsScreen;
			};
			name = Release;
		};
/* End XCBuildConfiguration section */

/* Begin XCConfigurationList section */
		41CF12762C62D26700701FA6 /* Build configuration list for PBXProject "LoanDetailsScreen" */ = {
			isa = XCConfigurationList;
			buildConfigurations = (
				41CF129D2C62D26800701FA6 /* Debug */,
				41CF129E2C62D26800701FA6 /* Release */,
			);
			defaultConfigurationIsVisible = 0;
			defaultConfigurationName = Release;
		};
		41CF129F2C62D26800701FA6 /* Build configuration list for PBXNativeTarget "LoanDetailsScreen" */ = {
			isa = XCConfigurationList;
			buildConfigurations = (
				41CF12A02C62D26800701FA6 /* Debug */,
				41CF12A12C62D26800701FA6 /* Release */,
			);
			defaultConfigurationIsVisible = 0;
			defaultConfigurationName = Release;
		};
		41CF12A22C62D26800701FA6 /* Build configuration list for PBXNativeTarget "LoanDetailsScreenTests" */ = {
			isa = XCConfigurationList;
			buildConfigurations = (
				41CF12A32C62D26800701FA6 /* Debug */,
				41CF12A42C62D26800701FA6 /* Release */,
			);
			defaultConfigurationIsVisible = 0;
			defaultConfigurationName = Release;
		};
		41CF12A52C62D26800701FA6 /* Build configuration list for PBXNativeTarget "LoanDetailsScreenUITests" */ = {
			isa = XCConfigurationList;
			buildConfigurations = (
				41CF12A62C62D26800701FA6 /* Debug */,
				41CF12A72C62D26800701FA6 /* Release */,
			);
			defaultConfigurationIsVisible = 0;
			defaultConfigurationName = Release;
		};
/* End XCConfigurationList section */
	};
	rootObject = 41CF12732C62D26700701FA6 /* Project object */;
}
